
Microsoft Visual Studio Solution File, Format Version 12.00
# Visual Studio Version 17
VisualStudioVersion = 17.2.32630.192
MinimumVisualStudioVersion = 10.0.40219.1
Project("{FAE04EC0-301F-11D3-BF4B-00C04F79EFBC}") = "MorseChessCS", "MorseChessCS\MorseChessCS.csproj", "{8A243794-C67F-4698-BC05-B2B69D9278C3}"
EndProject
Global
	GlobalSection(SolutionConfigurationPlatforms) = preSolution
		Debug|Any CPU = Debug|Any CPU
		Release|Any CPU = Release|Any CPU
	EndGlobalSection
	GlobalSection(ProjectConfigurationPlatforms) = postSolution
		{8A243794-C67F-4698-BC05-B2B69D9278C3}.Debug|Any CPU.ActiveCfg = Debug|Any CPU
		{8A243794-C67F-4698-BC05-B2B69D9278C3}.Debug|Any CPU.Build.0 = Debug|Any CPU
		{8A243794-C67F-4698-BC05-B2B69D9278C3}.Release|Any CPU.ActiveCfg = Release|Any CPU
		{8A243794-C67F-4698-BC05-B2B69D9278C3}.Release|Any CPU.Build.0 = Release|Any CPU
	EndGlobalSection
	GlobalSection(SolutionProperties) = preSolution
		HideSolutionNode = FALSE
	EndGlobalSection
	GlobalSection(ExtensibilityGlobals) = postSolution
		SolutionGuid = {F192E4AE-D831-4B00-8641-F1E3279C66D3}
	EndGlobalSection
EndGlobal
